
Microsoft Visual Studio Solution File, Format Version 12.00
# Visual Studio 15
VisualStudioVersion = 15.0.28010.2046
MinimumVisualStudioVersion = 10.0.40219.1
Project("{FAE04EC0-301F-11D3-BF4B-00C04F79EFBC}") = "NumberGuessingGame", "NumberGuessingGame\NumberGuessingGame.csproj", "{03684B44-214E-4C33-936F-88B6ABF0F7E1}"
EndProject
Global
	GlobalSection(SolutionConfigurationPlatforms) = preSolution
		Debug|Any CPU = Debug|Any CPU
		Release|Any CPU = Release|Any CPU
	EndGlobalSection
	GlobalSection(ProjectConfigurationPlatforms) = postSolution
		{03684B44-214E-4C33-936F-88B6ABF0F7E1}.Debug|Any CPU.ActiveCfg = Debug|Any CPU
		{03684B44-214E-4C33-936F-88B6ABF0F7E1}.Debug|Any CPU.Build.0 = Debug|Any CPU
		{03684B44-214E-4C33-936F-88B6ABF0F7E1}.Release|Any CPU.ActiveCfg = Release|Any CPU
		{03684B44-214E-4C33-936F-88B6ABF0F7E1}.Release|Any CPU.Build.0 = Release|Any CPU
	EndGlobalSection
	GlobalSection(SolutionProperties) = preSolution
		HideSolutionNode = FALSE
	EndGlobalSection
	GlobalSection(ExtensibilityGlobals) = postSolution
		SolutionGuid = {041D330A-CE59-43F4-A15C-F7A74FAA2CDE}
	EndGlobalSection
EndGlobal
